{
    "_readme": [
        "This file locks the dependencies of your project to a known state",
        "Read more about it at https://getcomposer.org/doc/01-basic-usage.md#installing-dependencies",
        "This file is @generated automatically"
    ],
    "content-hash": "3cca6f0ef2b751acf41ce2a283a89c84",
    "packages": [
        {
            "name": "danielmewes/php-rql",
            "version": "dev-master",
            "source": {
                "type": "git",
                "url": "https://github.com/danielmewes/php-rql.git",
                "reference": "393a49ab5c3ce2cb7f3fc5c985e612b77ce472cd"
            },
            "dist": {
                "type": "zip",
                "url": "https://api.github.com/repos/danielmewes/php-rql/zipball/393a49ab5c3ce2cb7f3fc5c985e612b77ce472cd",
                "reference": "393a49ab5c3ce2cb7f3fc5c985e612b77ce472cd",
                "shasum": ""
            },
            "require": {
                "php": ">=5.3.0"
            },
            "require-dev": {
                "jakub-onderka/php-parallel-lint": "dev-master",
                "phpunit/phpunit": "~4.8",
                "squizlabs/php_codesniffer": "~2.5"
            },
            "type": "library",
            "autoload": {
                "files": [
                    "rdb/rdb.php"
                ],
                "psr-4": {
                    "r\\": "rdb/",
                    "r\\Tests\\": "tests/"
                }
            },
            "notification-url": "https://packagist.org/downloads/",
            "license": [
                "Apache-2.0"
            ],
            "authors": [
                {
                    "name": "Daniel Mewes",
                    "email": "danielmewes@onlinehome.de",
                    "homepage": "http://dmewes.com",
                    "role": "Developer"
                }
            ],
            "description": "A PHP client driver for the RethinkDB query language (ReQL)",
            "homepage": "http://danielmewes.github.io/php-rql/",
            "keywords": [
                "database",
                "driver",
                "reql",
                "rethinkdb"
            ],
            "time": "2016-05-31T01:55:32+00:00"
        },
        {
            "name": "defuse/php-encryption",
            "version": "v2.2.1",
            "source": {
                "type": "git",
                "url": "https://github.com/defuse/php-encryption.git",
                "reference": "0f407c43b953d571421e0020ba92082ed5fb7620"
            },
            "dist": {
                "type": "zip",
                "url": "https://api.github.com/repos/defuse/php-encryption/zipball/0f407c43b953d571421e0020ba92082ed5fb7620",
                "reference": "0f407c43b953d571421e0020ba92082ed5fb7620",
                "shasum": ""
            },
            "require": {
                "ext-openssl": "*",
                "paragonie/random_compat": ">= 2",
                "php": ">=5.4.0"
            },
            "require-dev": {
                "nikic/php-parser": "^2.0|^3.0|^4.0",
                "phpunit/phpunit": "^4|^5"
            },
            "bin": [
                "bin/generate-defuse-key"
            ],
            "type": "library",
            "autoload": {
                "psr-4": {
                    "Defuse\\Crypto\\": "src"
                }
            },
            "notification-url": "https://packagist.org/downloads/",
            "license": [
                "MIT"
            ],
            "authors": [
                {
                    "name": "Taylor Hornby",
                    "email": "taylor@defuse.ca",
                    "homepage": "https://defuse.ca/"
                },
                {
                    "name": "Scott Arciszewski",
                    "email": "info@paragonie.com",
                    "homepage": "https://paragonie.com"
                }
            ],
            "description": "Secure PHP Encryption Library",
            "keywords": [
                "aes",
                "authenticated encryption",
                "cipher",
                "crypto",
                "cryptography",
                "encrypt",
                "encryption",
                "openssl",
                "security",
                "symmetric key cryptography"
            ],
            "time": "2018-07-24T23:27:56+00:00"
        },
        {
            "name": "guzzlehttp/command",
            "version": "1.0.0",
            "source": {
                "type": "git",
                "url": "https://github.com/guzzle/command.git",
                "reference": "2aaa2521a8f8269d6f5dfc13fe2af12c76921034"
            },
            "dist": {
                "type": "zip",
                "url": "https://api.github.com/repos/guzzle/command/zipball/2aaa2521a8f8269d6f5dfc13fe2af12c76921034",
                "reference": "2aaa2521a8f8269d6f5dfc13fe2af12c76921034",
                "shasum": ""
            },
            "require": {
                "guzzlehttp/guzzle": "^6.2",
                "guzzlehttp/promises": "~1.3",
                "guzzlehttp/psr7": "~1.0",
                "php": ">=5.5.0"
            },
            "require-dev": {
                "phpunit/phpunit": "~4.0|~5.0"
            },
            "type": "library",
            "extra": {
                "branch-alias": {
                    "dev-master": "0.9-dev"
                }
            },
            "autoload": {
                "psr-4": {
                    "GuzzleHttp\\Command\\": "src/"
                }
            },
            "notification-url": "https://packagist.org/downloads/",
            "license": [
                "MIT"
            ],
            "authors": [
                {
                    "name": "Michael Dowling",
                    "email": "mtdowling@gmail.com",
                    "homepage": "https://github.com/mtdowling"
                },
                {
                    "name": "Jeremy Lindblom",
                    "email": "jeremeamia@gmail.com",
                    "homepage": "https://github.com/jeremeamia"
                }
            ],
            "description": "Provides the foundation for building command-based web service clients",
            "time": "2016-11-24T13:34:15+00:00"
        },
        {
            "name": "guzzlehttp/guzzle",
            "version": "6.3.3",
            "source": {
                "type": "git",
                "url": "https://github.com/guzzle/guzzle.git",
                "reference": "407b0cb880ace85c9b63c5f9551db498cb2d50ba"
            },
            "dist": {
                "type": "zip",
                "url": "https://api.github.com/repos/guzzle/guzzle/zipball/407b0cb880ace85c9b63c5f9551db498cb2d50ba",
                "reference": "407b0cb880ace85c9b63c5f9551db498cb2d50ba",
                "shasum": ""
            },
            "require": {
                "guzzlehttp/promises": "^1.0",
                "guzzlehttp/psr7": "^1.4",
                "php": ">=5.5"
            },
            "require-dev": {
                "ext-curl": "*",
                "phpunit/phpunit": "^4.8.35 || ^5.7 || ^6.4 || ^7.0",
                "psr/log": "^1.0"
            },
            "suggest": {
                "psr/log": "Required for using the Log middleware"
            },
            "type": "library",
            "extra": {
                "branch-alias": {
                    "dev-master": "6.3-dev"
                }
            },
            "autoload": {
                "files": [
                    "src/functions_include.php"
                ],
                "psr-4": {
                    "GuzzleHttp\\": "src/"
                }
            },
            "notification-url": "https://packagist.org/downloads/",
            "license": [
                "MIT"
            ],
            "authors": [
                {
                    "name": "Michael Dowling",
                    "email": "mtdowling@gmail.com",
                    "homepage": "https://github.com/mtdowling"
                }
            ],
            "description": "Guzzle is a PHP HTTP client library",
            "homepage": "http://guzzlephp.org/",
            "keywords": [
                "client",
                "curl",
                "framework",
                "http",
                "http client",
                "rest",
                "web service"
            ],
            "time": "2018-04-22T15:46:56+00:00"
        },
        {
            "name": "guzzlehttp/guzzle-services",
            "version": "1.1.3",
            "source": {
                "type": "git",
                "url": "https://github.com/guzzle/guzzle-services.git",
                "reference": "9e3abf20161cbf662d616cbb995f2811771759f7"
            },
            "dist": {
                "type": "zip",
                "url": "https://api.github.com/repos/guzzle/guzzle-services/zipball/9e3abf20161cbf662d616cbb995f2811771759f7",
                "reference": "9e3abf20161cbf662d616cbb995f2811771759f7",
                "shasum": ""
            },
            "require": {
                "guzzlehttp/command": "~1.0",
                "guzzlehttp/guzzle": "^6.2",
                "php": ">=5.5"
            },
            "require-dev": {
                "phpunit/phpunit": "~4.0"
            },
            "suggest": {
                "gimler/guzzle-description-loader": "^0.0.4"
            },
            "type": "library",
            "extra": {
                "branch-alias": {
                    "dev-master": "1.0.x-dev"
                }
            },
            "autoload": {
                "psr-4": {
                    "GuzzleHttp\\Command\\Guzzle\\": "src/"
                }
            },
            "notification-url": "https://packagist.org/downloads/",
            "license": [
                "MIT"
            ],
            "authors": [
                {
                    "name": "Michael Dowling",
                    "email": "mtdowling@gmail.com",
                    "homepage": "https://github.com/mtdowling"
                },
                {
                    "name": "Jeremy Lindblom",
                    "email": "jeremeamia@gmail.com",
                    "homepage": "https://github.com/jeremeamia"
                },
                {
                    "name": "Stefano Kowalke",
                    "email": "blueduck@mail.org",
                    "homepage": "https://github.com/konafets"
                }
            ],
            "description": "Provides an implementation of the Guzzle Command library that uses Guzzle service descriptions to describe web services, serialize requests, and parse responses into easy to use model structures.",
            "time": "2017-10-06T14:32:02+00:00"
        },
        {
            "name": "guzzlehttp/promises",
            "version": "v1.3.1",
            "source": {
                "type": "git",
                "url": "https://github.com/guzzle/promises.git",
                "reference": "a59da6cf61d80060647ff4d3eb2c03a2bc694646"
            },
            "dist": {
                "type": "zip",
                "url": "https://api.github.com/repos/guzzle/promises/zipball/a59da6cf61d80060647ff4d3eb2c03a2bc694646",
                "reference": "a59da6cf61d80060647ff4d3eb2c03a2bc694646",
                "shasum": ""
            },
            "require": {
                "php": ">=5.5.0"
            },
            "require-dev": {
                "phpunit/phpunit": "^4.0"
            },
            "type": "library",
            "extra": {
                "branch-alias": {
                    "dev-master": "1.4-dev"
                }
            },
            "autoload": {
                "psr-4": {
                    "GuzzleHttp\\Promise\\": "src/"
                },
                "files": [
                    "src/functions_include.php"
                ]
            },
            "notification-url": "https://packagist.org/downloads/",
            "license": [
                "MIT"
            ],
            "authors": [
                {
                    "name": "Michael Dowling",
                    "email": "mtdowling@gmail.com",
                    "homepage": "https://github.com/mtdowling"
                }
            ],
            "description": "Guzzle promises library",
            "keywords": [
                "promise"
            ],
            "time": "2016-12-20T10:07:11+00:00"
        },
        {
            "name": "guzzlehttp/psr7",
            "version": "1.4.2",
            "source": {
                "type": "git",
                "url": "https://github.com/guzzle/psr7.git",
                "reference": "f5b8a8512e2b58b0071a7280e39f14f72e05d87c"
            },
            "dist": {
                "type": "zip",
                "url": "https://api.github.com/repos/guzzle/psr7/zipball/f5b8a8512e2b58b0071a7280e39f14f72e05d87c",
                "reference": "f5b8a8512e2b58b0071a7280e39f14f72e05d87c",
                "shasum": ""
            },
            "require": {
                "php": ">=5.4.0",
                "psr/http-message": "~1.0"
            },
            "provide": {
                "psr/http-message-implementation": "1.0"
            },
            "require-dev": {
                "phpunit/phpunit": "~4.0"
            },
            "type": "library",
            "extra": {
                "branch-alias": {
                    "dev-master": "1.4-dev"
                }
            },
            "autoload": {
                "psr-4": {
                    "GuzzleHttp\\Psr7\\": "src/"
                },
                "files": [
                    "src/functions_include.php"
                ]
            },
            "notification-url": "https://packagist.org/downloads/",
            "license": [
                "MIT"
            ],
            "authors": [
                {
                    "name": "Michael Dowling",
                    "email": "mtdowling@gmail.com",
                    "homepage": "https://github.com/mtdowling"
                },
                {
                    "name": "Tobias Schultze",
                    "homepage": "https://github.com/Tobion"
                }
            ],
            "description": "PSR-7 message implementation that also provides common utility methods",
            "keywords": [
                "http",
                "message",
                "request",
                "response",
                "stream",
                "uri",
                "url"
            ],
            "time": "2017-03-20T17:10:46+00:00"
        },
        {
            "name": "imagine/imagine",
            "version": "v0.7.1",
            "source": {
                "type": "git",
                "url": "https://github.com/avalanche123/Imagine.git",
                "reference": "a9a702a946073cbca166718f1b02a1e72d742daa"
            },
            "dist": {
                "type": "zip",
                "url": "https://api.github.com/repos/avalanche123/Imagine/zipball/a9a702a946073cbca166718f1b02a1e72d742daa",
                "reference": "a9a702a946073cbca166718f1b02a1e72d742daa",
                "shasum": ""
            },
            "require": {
                "php": ">=5.3.2"
            },
            "require-dev": {
                "sami/sami": "^3.3",
                "symfony/phpunit-bridge": "^3.2"
            },
            "suggest": {
                "ext-gd": "to use the GD implementation",
                "ext-gmagick": "to use the Gmagick implementation",
                "ext-imagick": "to use the Imagick implementation"
            },
            "type": "library",
            "extra": {
                "branch-alias": {
                    "dev-develop": "0.7-dev"
                }
            },
            "autoload": {
                "psr-0": {
                    "Imagine": "lib/"
                }
            },
            "notification-url": "https://packagist.org/downloads/",
            "license": [
                "MIT"
            ],
            "authors": [
                {
                    "name": "Bulat Shakirzyanov",
                    "email": "mallluhuct@gmail.com",
                    "homepage": "http://avalanche123.com"
                }
            ],
            "description": "Image processing for PHP 5.3",
            "homepage": "http://imagine.readthedocs.org/",
            "keywords": [
                "drawing",
                "graphics",
                "image manipulation",
                "image processing"
            ],
            "time": "2017-05-16T10:31:22+00:00"
        },
        {
            "name": "league/oauth2-client",
            "version": "2.3.0",
            "source": {
                "type": "git",
                "url": "https://github.com/thephpleague/oauth2-client.git",
                "reference": "aa2e3df188f0bfd87f7880cc880e906e99923580"
            },
            "dist": {
                "type": "zip",
                "url": "https://api.github.com/repos/thephpleague/oauth2-client/zipball/aa2e3df188f0bfd87f7880cc880e906e99923580",
                "reference": "aa2e3df188f0bfd87f7880cc880e906e99923580",
                "shasum": ""
            },
            "require": {
                "guzzlehttp/guzzle": "^6.0",
                "paragonie/random_compat": "^1|^2",
                "php": "^5.6|^7.0"
            },
            "require-dev": {
                "eloquent/liberator": "^2.0",
                "eloquent/phony-phpunit": "^1.0|^3.0",
                "jakub-onderka/php-parallel-lint": "^0.9.2",
                "phpunit/phpunit": "^5.7|^6.0",
                "squizlabs/php_codesniffer": "^2.3|^3.0"
            },
            "type": "library",
            "extra": {
                "branch-alias": {
                    "dev-2.x": "2.0.x-dev"
                }
            },
            "autoload": {
                "psr-4": {
                    "League\\OAuth2\\Client\\": "src/"
                }
            },
            "notification-url": "https://packagist.org/downloads/",
            "license": [
                "MIT"
            ],
            "authors": [
                {
                    "name": "Alex Bilbie",
                    "email": "hello@alexbilbie.com",
                    "homepage": "http://www.alexbilbie.com",
                    "role": "Developer"
                },
                {
                    "name": "Woody Gilk",
                    "homepage": "https://github.com/shadowhand",
                    "role": "Contributor"
                }
            ],
            "description": "OAuth 2.0 Client Library",
            "keywords": [
                "Authentication",
                "SSO",
                "authorization",
                "identity",
                "idp",
                "oauth",
                "oauth2",
                "single sign on"
            ],
            "time": "2018-01-13T05:27:58+00:00"
        },
        {
            "name": "monolog/monolog",
            "version": "1.23.0",
            "source": {
                "type": "git",
                "url": "https://github.com/Seldaek/monolog.git",
                "reference": "fd8c787753b3a2ad11bc60c063cff1358a32a3b4"
            },
            "dist": {
                "type": "zip",
                "url": "https://api.github.com/repos/Seldaek/monolog/zipball/fd8c787753b3a2ad11bc60c063cff1358a32a3b4",
                "reference": "fd8c787753b3a2ad11bc60c063cff1358a32a3b4",
                "shasum": ""
            },
            "require": {
                "php": ">=5.3.0",
                "psr/log": "~1.0"
            },
            "provide": {
                "psr/log-implementation": "1.0.0"
            },
            "require-dev": {
                "aws/aws-sdk-php": "^2.4.9 || ^3.0",
                "doctrine/couchdb": "~1.0@dev",
                "graylog2/gelf-php": "~1.0",
                "jakub-onderka/php-parallel-lint": "0.9",
                "php-amqplib/php-amqplib": "~2.4",
                "php-console/php-console": "^3.1.3",
                "phpunit/phpunit": "~4.5",
                "phpunit/phpunit-mock-objects": "2.3.0",
                "ruflin/elastica": ">=0.90 <3.0",
                "sentry/sentry": "^0.13",
                "swiftmailer/swiftmailer": "^5.3|^6.0"
            },
            "suggest": {
                "aws/aws-sdk-php": "Allow sending log messages to AWS services like DynamoDB",
                "doctrine/couchdb": "Allow sending log messages to a CouchDB server",
                "ext-amqp": "Allow sending log messages to an AMQP server (1.0+ required)",
                "ext-mongo": "Allow sending log messages to a MongoDB server",
                "graylog2/gelf-php": "Allow sending log messages to a GrayLog2 server",
                "mongodb/mongodb": "Allow sending log messages to a MongoDB server via PHP Driver",
                "php-amqplib/php-amqplib": "Allow sending log messages to an AMQP server using php-amqplib",
                "php-console/php-console": "Allow sending log messages to Google Chrome",
                "rollbar/rollbar": "Allow sending log messages to Rollbar",
                "ruflin/elastica": "Allow sending log messages to an Elastic Search server",
                "sentry/sentry": "Allow sending log messages to a Sentry server"
            },
            "type": "library",
            "extra": {
                "branch-alias": {
                    "dev-master": "2.0.x-dev"
                }
            },
            "autoload": {
                "psr-4": {
                    "Monolog\\": "src/Monolog"
                }
            },
            "notification-url": "https://packagist.org/downloads/",
            "license": [
                "MIT"
            ],
            "authors": [
                {
                    "name": "Jordi Boggiano",
                    "email": "j.boggiano@seld.be",
                    "homepage": "http://seld.be"
                }
            ],
            "description": "Sends your logs to files, sockets, inboxes, databases and various web services",
            "homepage": "http://github.com/Seldaek/monolog",
            "keywords": [
                "log",
                "logging",
                "psr-3"
            ],
            "time": "2017-06-19T01:22:40+00:00"
        },
        {
            "name": "netresearch/jsonmapper",
            "version": "v1.4.0",
            "source": {
                "type": "git",
                "url": "https://github.com/cweiske/jsonmapper.git",
                "reference": "3868fe1128ce1169228acdb623359dca74db5ef3"
            },
            "dist": {
                "type": "zip",
                "url": "https://api.github.com/repos/cweiske/jsonmapper/zipball/3868fe1128ce1169228acdb623359dca74db5ef3",
                "reference": "3868fe1128ce1169228acdb623359dca74db5ef3",
                "shasum": ""
            },
            "require": {
                "php": ">=5.6"
            },
            "require-dev": {
                "phpunit/phpunit": "~4.8.35 || ~5.7 || ~6.4",
                "squizlabs/php_codesniffer": "~1.5"
            },
            "type": "library",
            "autoload": {
                "psr-0": {
                    "JsonMapper": "src/"
                }
            },
            "notification-url": "https://packagist.org/downloads/",
            "license": [
                "OSL-3.0"
            ],
            "authors": [
                {
                    "name": "Christian Weiske",
                    "email": "cweiske@cweiske.de",
                    "homepage": "http://github.com/cweiske/jsonmapper/",
                    "role": "Developer"
                }
            ],
            "description": "Map nested JSON structures onto PHP classes",
            "time": "2017-11-28T21:30:01+00:00"
        },
        {
            "name": "paragonie/random_compat",
            "version": "v2.0.17",
            "source": {
                "type": "git",
                "url": "https://github.com/paragonie/random_compat.git",
                "reference": "29af24f25bab834fcbb38ad2a69fa93b867e070d"
            },
            "dist": {
                "type": "zip",
                "url": "https://api.github.com/repos/paragonie/random_compat/zipball/29af24f25bab834fcbb38ad2a69fa93b867e070d",
                "reference": "29af24f25bab834fcbb38ad2a69fa93b867e070d",
                "shasum": ""
            },
            "require": {
                "php": ">=5.2.0"
            },
            "require-dev": {
                "phpunit/phpunit": "4.*|5.*"
            },
            "suggest": {
                "ext-libsodium": "Provides a modern crypto API that can be used to generate random bytes."
            },
            "type": "library",
            "autoload": {
                "files": [
                    "lib/random.php"
                ]
            },
            "notification-url": "https://packagist.org/downloads/",
            "license": [
                "MIT"
            ],
            "authors": [
                {
                    "name": "Paragon Initiative Enterprises",
                    "email": "security@paragonie.com",
                    "homepage": "https://paragonie.com"
                }
            ],
            "description": "PHP 5.x polyfill for random_bytes() and random_int() from PHP 7",
            "keywords": [
                "csprng",
                "polyfill",
                "pseudorandom",
                "random"
            ],
            "time": "2018-07-04T16:31:37+00:00"
        },
        {
            "name": "psr/http-message",
            "version": "1.0.1",
            "source": {
                "type": "git",
                "url": "https://github.com/php-fig/http-message.git",
                "reference": "f6561bf28d520154e4b0ec72be95418abe6d9363"
            },
            "dist": {
                "type": "zip",
                "url": "https://api.github.com/repos/php-fig/http-message/zipball/f6561bf28d520154e4b0ec72be95418abe6d9363",
                "reference": "f6561bf28d520154e4b0ec72be95418abe6d9363",
                "shasum": ""
            },
            "require": {
                "php": ">=5.3.0"
            },
            "type": "library",
            "extra": {
                "branch-alias": {
                    "dev-master": "1.0.x-dev"
                }
            },
            "autoload": {
                "psr-4": {
                    "Psr\\Http\\Message\\": "src/"
                }
            },
            "notification-url": "https://packagist.org/downloads/",
            "license": [
                "MIT"
            ],
            "authors": [
                {
                    "name": "PHP-FIG",
                    "homepage": "http://www.php-fig.org/"
                }
            ],
            "description": "Common interface for HTTP messages",
            "homepage": "https://github.com/php-fig/http-message",
            "keywords": [
                "http",
                "http-message",
                "psr",
                "psr-7",
                "request",
                "response"
            ],
            "time": "2016-08-06T14:39:51+00:00"
        },
        {
            "name": "psr/log",
            "version": "1.0.2",
            "source": {
                "type": "git",
                "url": "https://github.com/php-fig/log.git",
                "reference": "4ebe3a8bf773a19edfe0a84b6585ba3d401b724d"
            },
            "dist": {
                "type": "zip",
                "url": "https://api.github.com/repos/php-fig/log/zipball/4ebe3a8bf773a19edfe0a84b6585ba3d401b724d",
                "reference": "4ebe3a8bf773a19edfe0a84b6585ba3d401b724d",
                "shasum": ""
            },
            "require": {
                "php": ">=5.3.0"
            },
            "type": "library",
            "extra": {
                "branch-alias": {
                    "dev-master": "1.0.x-dev"
                }
            },
            "autoload": {
                "psr-4": {
                    "Psr\\Log\\": "Psr/Log/"
                }
            },
            "notification-url": "https://packagist.org/downloads/",
            "license": [
                "MIT"
            ],
            "authors": [
                {
                    "name": "PHP-FIG",
                    "homepage": "http://www.php-fig.org/"
                }
            ],
            "description": "Common interface for logging libraries",
            "homepage": "https://github.com/php-fig/log",
            "keywords": [
                "log",
                "psr",
                "psr-3"
            ],
            "time": "2016-10-10T12:19:37+00:00"
        },
        {
            "name": "restcord/restcord",
            "version": "0.3.0",
            "source": {
                "type": "git",
                "url": "https://github.com/restcord/restcord.git",
                "reference": "88d34fae3efaa86a42e382beb7748778d6ac8d95"
            },
            "dist": {
                "type": "zip",
                "url": "https://api.github.com/repos/restcord/restcord/zipball/88d34fae3efaa86a42e382beb7748778d6ac8d95",
                "reference": "88d34fae3efaa86a42e382beb7748778d6ac8d95",
                "shasum": ""
            },
            "require": {
                "guzzlehttp/guzzle": "^6.3",
                "guzzlehttp/guzzle-services": "^1.0",
                "monolog/monolog": "^1.22",
                "netresearch/jsonmapper": "^1.4",
                "php": "^5.6|^7.0",
                "symfony/options-resolver": "^2.6|^3.0|^4.0"
            },
            "require-dev": {
                "beberlei/assert": "^2.7",
                "gossi/php-code-generator": "^0.4.1",
                "phpunit/phpunit": "^6.0|^5.0",
                "symfony/console": "^2.6|^3.0|^4.0",
                "symfony/process": "^2.6|^3.0|^4.0",
                "symfony/var-dumper": "^2.6|^3.0|^4.0",
                "twig/twig": "^1.20|^2.0"
            },
            "type": "library",
            "autoload": {
                "psr-4": {
                    "RestCord\\": "src/"
                }
            },
            "notification-url": "https://packagist.org/downloads/",
            "license": [
                "MIT"
            ],
            "authors": [
                {
                    "name": "Aaron Scherer",
                    "email": "aequasi@gmail.com"
                }
            ],
            "description": "REST Library for the Discord API",
            "time": "2018-06-07T02:35:01+00:00"
        },
        {
            "name": "symfony/options-resolver",
            "version": "v4.1.4",
            "source": {
                "type": "git",
                "url": "https://github.com/symfony/options-resolver.git",
                "reference": "1913f1962477cdbb13df951f8147d5da1fe2412c"
            },
            "dist": {
                "type": "zip",
                "url": "https://api.github.com/repos/symfony/options-resolver/zipball/1913f1962477cdbb13df951f8147d5da1fe2412c",
                "reference": "1913f1962477cdbb13df951f8147d5da1fe2412c",
                "shasum": ""
            },
            "require": {
                "php": "^7.1.3"
            },
            "type": "library",
            "extra": {
                "branch-alias": {
                    "dev-master": "4.1-dev"
                }
            },
            "autoload": {
                "psr-4": {
                    "Symfony\\Component\\OptionsResolver\\": ""
                },
                "exclude-from-classmap": [
                    "/Tests/"
                ]
            },
            "notification-url": "https://packagist.org/downloads/",
            "license": [
                "MIT"
            ],
            "authors": [
                {
                    "name": "Fabien Potencier",
                    "email": "fabien@symfony.com"
                },
                {
                    "name": "Symfony Community",
                    "homepage": "https://symfony.com/contributors"
                }
            ],
            "description": "Symfony OptionsResolver Component",
            "homepage": "https://symfony.com",
            "keywords": [
                "config",
                "configuration",
                "options"
            ],
            "time": "2018-07-26T08:55:25+00:00"
        },
        {
            "name": "wohali/oauth2-discord-new",
            "version": "v1.0.0",
            "source": {
                "type": "git",
                "url": "https://github.com/wohali/oauth2-discord-new.git",
                "reference": "990bdfb59b4cd2086e0524b429dc12b5142d66ad"
            },
            "dist": {
                "type": "zip",
                "url": "https://api.github.com/repos/wohali/oauth2-discord-new/zipball/990bdfb59b4cd2086e0524b429dc12b5142d66ad",
                "reference": "990bdfb59b4cd2086e0524b429dc12b5142d66ad",
                "shasum": ""
            },
            "require": {
                "league/oauth2-client": "^2.0"
            },
            "conflict": {
                "team-reflex/oauth2-discord": ">=1.0"
            },
            "require-dev": {
                "jakub-onderka/php-parallel-lint": "~0.9",
                "mockery/mockery": "~0.9",
                "phpunit/phpunit": "^5.0",
                "squizlabs/php_codesniffer": "^2.0"
            },
            "type": "library",
            "extra": {
                "branch-alias": {
                    "dev-master": "1.0.x-dev"
                }
            },
            "autoload": {
                "psr-4": {
                    "Wohali\\OAuth2\\Client\\": "src/"
                }
            },
            "notification-url": "https://packagist.org/downloads/",
            "license": [
                "MIT"
            ],
            "authors": [
                {
                    "name": "Joan Touzet",
                    "email": "wohali@gmail.com",
                    "homepage": "https://github.com/wohali"
                }
            ],
            "description": "Discord OAuth 2.0 Client Provider for The PHP League OAuth2-Client",
            "keywords": [
                "authorisation",
                "authorization",
                "client",
                "discord",
                "oauth",
                "oauth2"
            ],
            "time": "2017-10-15T23:24:28+00:00"
        }
    ],
    "packages-dev": [],
    "aliases": [],
    "minimum-stability": "stable",
    "stability-flags": {
        "danielmewes/php-rql": 20
    },
    "prefer-stable": false,
    "prefer-lowest": false,
    "platform": [],
    "platform-dev": []
}
